
Microsoft Visual Studio Solution File, Format Version 12.00
# Visual Studio Version 17
VisualStudioVersion = 17.3.32929.385
MinimumVisualStudioVersion = 10.0.40219.1
Project("{FAE04EC0-301F-11D3-BF4B-00C04F79EFBC}") = "pract7.2", "pract7.2\pract7.2.csproj", "{6F5776AC-B330-4332-A430-173499570E09}"
EndProject
Project("{FAE04EC0-301F-11D3-BF4B-00C04F79EFBC}") = "test1", "test1\test1.csproj", "{6671EADF-8FC6-4A85-825B-9E1670820277}"
EndProject
Global
	GlobalSection(SolutionConfigurationPlatforms) = preSolution
		Debug|Any CPU = Debug|Any CPU
		Release|Any CPU = Release|Any CPU
	EndGlobalSection
	GlobalSection(ProjectConfigurationPlatforms) = postSolution
		{6F5776AC-B330-4332-A430-173499570E09}.Debug|Any CPU.ActiveCfg = Debug|Any CPU
		{6F5776AC-B330-4332-A430-173499570E09}.Debug|Any CPU.Build.0 = Debug|Any CPU
		{6F5776AC-B330-4332-A430-173499570E09}.Release|Any CPU.ActiveCfg = Release|Any CPU
		{6F5776AC-B330-4332-A430-173499570E09}.Release|Any CPU.Build.0 = Release|Any CPU
		{6671EADF-8FC6-4A85-825B-9E1670820277}.Debug|Any CPU.ActiveCfg = Debug|Any CPU
		{6671EADF-8FC6-4A85-825B-9E1670820277}.Debug|Any CPU.Build.0 = Debug|Any CPU
		{6671EADF-8FC6-4A85-825B-9E1670820277}.Release|Any CPU.ActiveCfg = Release|Any CPU
		{6671EADF-8FC6-4A85-825B-9E1670820277}.Release|Any CPU.Build.0 = Release|Any CPU
	EndGlobalSection
	GlobalSection(SolutionProperties) = preSolution
		HideSolutionNode = FALSE
	EndGlobalSection
	GlobalSection(ExtensibilityGlobals) = postSolution
		SolutionGuid = {0A6DF8B3-B1C2-4690-B312-49570C12830D}
	EndGlobalSection
EndGlobal
