
Microsoft Visual Studio Solution File, Format Version 12.00
# Visual Studio Version 17
VisualStudioVersion = 17.4.33213.308
MinimumVisualStudioVersion = 10.0.40219.1
Project("{FAE04EC0-301F-11D3-BF4B-00C04F79EFBC}") = "Курсач", "Курсач\Курсач.csproj", "{8E5E47E0-6181-49CB-9915-2DDAB00969D3}"
EndProject
Project("{54435603-DBB4-11D2-8724-00A0C9A8B90C}") = "Setup", "Setup\Setup.vdproj", "{FFD3D379-D6BF-4215-86E7-D1DFB06C5E54}"
EndProject
Global
	GlobalSection(SolutionConfigurationPlatforms) = preSolution
		Debug|Any CPU = Debug|Any CPU
		Release|Any CPU = Release|Any CPU
	EndGlobalSection
	GlobalSection(ProjectConfigurationPlatforms) = postSolution
		{8E5E47E0-6181-49CB-9915-2DDAB00969D3}.Debug|Any CPU.ActiveCfg = Debug|Any CPU
		{8E5E47E0-6181-49CB-9915-2DDAB00969D3}.Debug|Any CPU.Build.0 = Debug|Any CPU
		{8E5E47E0-6181-49CB-9915-2DDAB00969D3}.Release|Any CPU.ActiveCfg = Release|Any CPU
		{8E5E47E0-6181-49CB-9915-2DDAB00969D3}.Release|Any CPU.Build.0 = Release|Any CPU
		{FFD3D379-D6BF-4215-86E7-D1DFB06C5E54}.Debug|Any CPU.ActiveCfg = Debug
		{FFD3D379-D6BF-4215-86E7-D1DFB06C5E54}.Release|Any CPU.ActiveCfg = Release
	EndGlobalSection
	GlobalSection(SolutionProperties) = preSolution
		HideSolutionNode = FALSE
	EndGlobalSection
	GlobalSection(ExtensibilityGlobals) = postSolution
		SolutionGuid = {EBE9F9D8-D38B-4668-B86A-B3021D365853}
	EndGlobalSection
EndGlobal
