
Microsoft Visual Studio Solution File, Format Version 12.00
# Visual Studio Version 17
VisualStudioVersion = 17.4.33213.308
MinimumVisualStudioVersion = 10.0.40219.1
Project("{FAE04EC0-301F-11D3-BF4B-00C04F79EFBC}") = "Optovik", "Optovik\Optovik.csproj", "{90BE03C1-BB9A-4096-86C1-DB045809014B}"
EndProject
Global
	GlobalSection(SolutionConfigurationPlatforms) = preSolution
		Debug|Any CPU = Debug|Any CPU
		Release|Any CPU = Release|Any CPU
	EndGlobalSection
	GlobalSection(ProjectConfigurationPlatforms) = postSolution
		{90BE03C1-BB9A-4096-86C1-DB045809014B}.Debug|Any CPU.ActiveCfg = Debug|Any CPU
		{90BE03C1-BB9A-4096-86C1-DB045809014B}.Debug|Any CPU.Build.0 = Debug|Any CPU
		{90BE03C1-BB9A-4096-86C1-DB045809014B}.Release|Any CPU.ActiveCfg = Release|Any CPU
		{90BE03C1-BB9A-4096-86C1-DB045809014B}.Release|Any CPU.Build.0 = Release|Any CPU
	EndGlobalSection
	GlobalSection(SolutionProperties) = preSolution
		HideSolutionNode = FALSE
	EndGlobalSection
	GlobalSection(ExtensibilityGlobals) = postSolution
		SolutionGuid = {92DA4206-CBF2-41F0-B6A1-D77A964DBB06}
	EndGlobalSection
EndGlobal
