
Microsoft Visual Studio Solution File, Format Version 12.00
# Visual Studio Version 17
VisualStudioVersion = 17.4.33213.308
MinimumVisualStudioVersion = 10.0.40219.1
Project("{FAE04EC0-301F-11D3-BF4B-00C04F79EFBC}") = "TRPO3", "TRPO3\TRPO3.csproj", "{24433699-09F0-4217-8E3F-CF2BDD9BA1E8}"
EndProject
Global
	GlobalSection(SolutionConfigurationPlatforms) = preSolution
		Debug|Any CPU = Debug|Any CPU
		Release|Any CPU = Release|Any CPU
	EndGlobalSection
	GlobalSection(ProjectConfigurationPlatforms) = postSolution
		{24433699-09F0-4217-8E3F-CF2BDD9BA1E8}.Debug|Any CPU.ActiveCfg = Debug|Any CPU
		{24433699-09F0-4217-8E3F-CF2BDD9BA1E8}.Debug|Any CPU.Build.0 = Debug|Any CPU
		{24433699-09F0-4217-8E3F-CF2BDD9BA1E8}.Release|Any CPU.ActiveCfg = Release|Any CPU
		{24433699-09F0-4217-8E3F-CF2BDD9BA1E8}.Release|Any CPU.Build.0 = Release|Any CPU
	EndGlobalSection
	GlobalSection(SolutionProperties) = preSolution
		HideSolutionNode = FALSE
	EndGlobalSection
	GlobalSection(ExtensibilityGlobals) = postSolution
		SolutionGuid = {2ADFD459-F02E-485E-AA8E-0B648155C540}
	EndGlobalSection
EndGlobal
